// !$*UTF8*$!
{
	archiveVersion = 1;
	classes = {
	};
	objectVersion = 50;
	objects = {

/* Begin PBXBuildFile section */
		073C0E3C2061D8E300035358 /* AppDelegate.m in Sources */ = {isa = PBXBuildFile; fileRef = 073C0E3B2061D8E300035358 /* AppDelegate.m */; };
		073C0E3F2061D8E300035358 /* ViewController.mm in Sources */ = {isa = PBXBuildFile; fileRef = 073C0E3E2061D8E300035358 /* ViewController.mm */; };
		073C0E412061D8E400035358 /* Assets.xcassets in Resources */ = {isa = PBXBuildFile; fileRef = 073C0E402061D8E400035358 /* Assets.xcassets */; };
		073C0E442061D8E400035358 /* Main.storyboard in Resources */ = {isa = PBXBuildFile; fileRef = 073C0E422061D8E400035358 /* Main.storyboard */; };
		073C0E472061D8E400035358 /* main.m in Sources */ = {isa = PBXBuildFile; fileRef = 073C0E462061D8E400035358 /* main.m */; };
		073C0E522061D8E400035358 /* HuffmanTests.m in Sources */ = {isa = PBXBuildFile; fileRef = 073C0E512061D8E400035358 /* HuffmanTests.m */; };
		073C0E5D2061D8E400035358 /* HuffmanUITests.m in Sources */ = {isa = PBXBuildFile; fileRef = 073C0E5C2061D8E400035358 /* HuffmanUITests.m */; };
		07B35D302062016C006C4A81 /* OCNode.m in Sources */ = {isa = PBXBuildFile; fileRef = 07B35D282062016C006C4A81 /* OCNode.m */; };
		07B35D312062016C006C4A81 /* LinkedSet.m in Sources */ = {isa = PBXBuildFile; fileRef = 07B35D292062016C006C4A81 /* LinkedSet.m */; };
		07B35D322062016C006C4A81 /* Line.m in Sources */ = {isa = PBXBuildFile; fileRef = 07B35D2E2062016C006C4A81 /* Line.m */; };
		07B35D3520620211006C4A81 /* Config.m in Sources */ = {isa = PBXBuildFile; fileRef = 07B35D3420620211006C4A81 /* Config.m */; };
		07B35D4A20622D02006C4A81 /* BinaryTree.mm in Sources */ = {isa = PBXBuildFile; fileRef = 07B35D4920622D02006C4A81 /* BinaryTree.mm */; };
/* End PBXBuildFile section */

/* Begin PBXContainerItemProxy section */
		073C0E4E2061D8E400035358 /* PBXContainerItemProxy */ = {
			isa = PBXContainerItemProxy;
			containerPortal = 073C0E2F2061D8E300035358 /* Project object */;
			proxyType = 1;
			remoteGlobalIDString = 073C0E362061D8E300035358;
			remoteInfo = Huffman;
		};
		073C0E592061D8E400035358 /* PBXContainerItemProxy */ = {
			isa = PBXContainerItemProxy;
			containerPortal = 073C0E2F2061D8E300035358 /* Project object */;
			proxyType = 1;
			remoteGlobalIDString = 073C0E362061D8E300035358;
			remoteInfo = Huffman;
		};
/* End PBXContainerItemProxy section */

/* Begin PBXFileReference section */
		073C0E372061D8E300035358 /* Huffman.app */ = {isa = PBXFileReference; explicitFileType = wrapper.application; includeInIndex = 0; path = Huffman.app; sourceTree = BUILT_PRODUCTS_DIR; };
		073C0E3A2061D8E300035358 /* AppDelegate.h */ = {isa = PBXFileReference; lastKnownFileType = sourcecode.c.h; path = AppDelegate.h; sourceTree = "<group>"; };
		073C0E3B2061D8E300035358 /* AppDelegate.m */ = {isa = PBXFileReference; lastKnownFileType = sourcecode.c.objc; path = AppDelegate.m; sourceTree = "<group>"; };
		073C0E3D2061D8E300035358 /* ViewController.h */ = {isa = PBXFileReference; lastKnownFileType = sourcecode.c.h; path = ViewController.h; sourceTree = "<group>"; };
		073C0E3E2061D8E300035358 /* ViewController.mm */ = {isa = PBXFileReference; lastKnownFileType = sourcecode.cpp.objcpp; path = ViewController.mm; sourceTree = "<group>"; };
		073C0E402061D8E400035358 /* Assets.xcassets */ = {isa = PBXFileReference; lastKnownFileType = folder.assetcatalog; path = Assets.xcassets; sourceTree = "<group>"; };
		073C0E432061D8E400035358 /* Base */ = {isa = PBXFileReference; lastKnownFileType = file.storyboard; name = Base; path = Base.lproj/Main.storyboard; sourceTree = "<group>"; };
		073C0E452061D8E400035358 /* Info.plist */ = {isa = PBXFileReference; lastKnownFileType = text.plist.xml; path = Info.plist; sourceTree = "<group>"; };
		073C0E462061D8E400035358 /* main.m */ = {isa = PBXFileReference; lastKnownFileType = sourcecode.c.objc; path = main.m; sourceTree = "<group>"; };
		073C0E482061D8E400035358 /* Huffman.entitlements */ = {isa = PBXFileReference; lastKnownFileType = text.plist.entitlements; path = Huffman.entitlements; sourceTree = "<group>"; };
		073C0E4D2061D8E400035358 /* HuffmanTests.xctest */ = {isa = PBXFileReference; explicitFileType = wrapper.cfbundle; includeInIndex = 0; path = HuffmanTests.xctest; sourceTree = BUILT_PRODUCTS_DIR; };
		073C0E512061D8E400035358 /* HuffmanTests.m */ = {isa = PBXFileReference; lastKnownFileType = sourcecode.c.objc; path = HuffmanTests.m; sourceTree = "<group>"; };
		073C0E532061D8E400035358 /* Info.plist */ = {isa = PBXFileReference; lastKnownFileType = text.plist.xml; path = Info.plist; sourceTree = "<group>"; };
		073C0E582061D8E400035358 /* HuffmanUITests.xctest */ = {isa = PBXFileReference; explicitFileType = wrapper.cfbundle; includeInIndex = 0; path = HuffmanUITests.xctest; sourceTree = BUILT_PRODUCTS_DIR; };
		073C0E5C2061D8E400035358 /* HuffmanUITests.m */ = {isa = PBXFileReference; lastKnownFileType = sourcecode.c.objc; path = HuffmanUITests.m; sourceTree = "<group>"; };
		073C0E5E2061D8E400035358 /* Info.plist */ = {isa = PBXFileReference; lastKnownFileType = text.plist.xml; path = Info.plist; sourceTree = "<group>"; };
		07B35D262062016C006C4A81 /* Line.h */ = {isa = PBXFileReference; fileEncoding = 4; lastKnownFileType = sourcecode.c.h; path = Line.h; sourceTree = "<group>"; };
		07B35D282062016C006C4A81 /* OCNode.m */ = {isa = PBXFileReference; fileEncoding = 4; lastKnownFileType = sourcecode.c.objc; path = OCNode.m; sourceTree = "<group>"; };
		07B35D292062016C006C4A81 /* LinkedSet.m */ = {isa = PBXFileReference; fileEncoding = 4; lastKnownFileType = sourcecode.c.objc; path = LinkedSet.m; sourceTree = "<group>"; };
		07B35D2A2062016C006C4A81 /* OCNode.h */ = {isa = PBXFileReference; fileEncoding = 4; lastKnownFileType = sourcecode.c.h; path = OCNode.h; sourceTree = "<group>"; };
		07B35D2B2062016C006C4A81 /* LinkedSet.h */ = {isa = PBXFileReference; fileEncoding = 4; lastKnownFileType = sourcecode.c.h; path = LinkedSet.h; sourceTree = "<group>"; };
		07B35D2E2062016C006C4A81 /* Line.m */ = {isa = PBXFileReference; fileEncoding = 4; lastKnownFileType = sourcecode.c.objc; path = Line.m; sourceTree = "<group>"; };
		07B35D3320620204006C4A81 /* Config.h */ = {isa = PBXFileReference; lastKnownFileType = sourcecode.c.h; path = Config.h; sourceTree = "<group>"; };
		07B35D3420620211006C4A81 /* Config.m */ = {isa = PBXFileReference; fileEncoding = 4; lastKnownFileType = sourcecode.c.objc; path = Config.m; sourceTree = "<group>"; };
		07B35D4320622B3B006C4A81 /* xcept.hpp */ = {isa = PBXFileReference; lastKnownFileType = sourcecode.cpp.h; path = xcept.hpp; sourceTree = "<group>"; };
		07B35D4420622B68006C4A81 /* Node.hpp */ = {isa = PBXFileReference; lastKnownFileType = sourcecode.cpp.h; path = Node.hpp; sourceTree = "<group>"; };
		07B35D4520622BC5006C4A81 /* LinkedStack.hpp */ = {isa = PBXFileReference; lastKnownFileType = sourcecode.cpp.h; path = LinkedStack.hpp; sourceTree = "<group>"; };
		07B35D4620622BC5006C4A81 /* LinkedQueue.hpp */ = {isa = PBXFileReference; lastKnownFileType = sourcecode.cpp.h; path = LinkedQueue.hpp; sourceTree = "<group>"; };
		07B35D4720622BC5006C4A81 /* MinHeap.hpp */ = {isa = PBXFileReference; lastKnownFileType = sourcecode.cpp.h; path = MinHeap.hpp; sourceTree = "<group>"; };
		07B35D4920622D02006C4A81 /* BinaryTree.mm */ = {isa = PBXFileReference; fileEncoding = 4; lastKnownFileType = sourcecode.cpp.objcpp; path = BinaryTree.mm; sourceTree = "<group>"; };
		07B35D4B20622EEA006C4A81 /* HuffmanTree.hpp */ = {isa = PBXFileReference; lastKnownFileType = sourcecode.cpp.h; path = HuffmanTree.hpp; sourceTree = "<group>"; };
/* End PBXFileReference section */

/* Begin PBXFrameworksBuildPhase section */
		073C0E342061D8E300035358 /* Frameworks */ = {
			isa = PBXFrameworksBuildPhase;
			buildActionMask = 2147483647;
			files = (
			);
			runOnlyForDeploymentPostprocessing = 0;
		};
		073C0E4A2061D8E400035358 /* Frameworks */ = {
			isa = PBXFrameworksBuildPhase;
			buildActionMask = 2147483647;
			files = (
			);
			runOnlyForDeploymentPostprocessing = 0;
		};
		073C0E552061D8E400035358 /* Frameworks */ = {
			isa = PBXFrameworksBuildPhase;
			buildActionMask = 2147483647;
			files = (
			);
			runOnlyForDeploymentPostprocessing = 0;
		};
/* End PBXFrameworksBuildPhase section */

/* Begin PBXGroup section */
		073C0E2E2061D8E300035358 = {
			isa = PBXGroup;
			children = (
				073C0E392061D8E300035358 /* Huffman */,
				073C0E502061D8E400035358 /* HuffmanTests */,
				073C0E5B2061D8E400035358 /* HuffmanUITests */,
				073C0E382061D8E300035358 /* Products */,
			);
			sourceTree = "<group>";
		};
		073C0E382061D8E300035358 /* Products */ = {
			isa = PBXGroup;
			children = (
				073C0E372061D8E300035358 /* Huffman.app */,
				073C0E4D2061D8E400035358 /* HuffmanTests.xctest */,
				073C0E582061D8E400035358 /* HuffmanUITests.xctest */,
			);
			name = Products;
			sourceTree = "<group>";
		};
		073C0E392061D8E300035358 /* Huffman */ = {
			isa = PBXGroup;
			children = (
				073C0E3D2061D8E300035358 /* ViewController.h */,
				073C0E3E2061D8E300035358 /* ViewController.mm */,
				07B35D3420620211006C4A81 /* Config.m */,
				07B35D4320622B3B006C4A81 /* xcept.hpp */,
				07B35D3320620204006C4A81 /* Config.h */,
				07B35D2220620018006C4A81 /* DataStructure */,
				07B35D212061FFE1006C4A81 /* support */,
			);
			path = Huffman;
			sourceTree = "<group>";
		};
		073C0E502061D8E400035358 /* HuffmanTests */ = {
			isa = PBXGroup;
			children = (
				073C0E512061D8E400035358 /* HuffmanTests.m */,
				073C0E532061D8E400035358 /* Info.plist */,
			);
			path = HuffmanTests;
			sourceTree = "<group>";
		};
		073C0E5B2061D8E400035358 /* HuffmanUITests */ = {
			isa = PBXGroup;
			children = (
				073C0E5C2061D8E400035358 /* HuffmanUITests.m */,
				073C0E5E2061D8E400035358 /* Info.plist */,
			);
			path = HuffmanUITests;
			sourceTree = "<group>";
		};
		07B35D212061FFE1006C4A81 /* support */ = {
			isa = PBXGroup;
			children = (
				073C0E462061D8E400035358 /* main.m */,
				073C0E452061D8E400035358 /* Info.plist */,
				073C0E3A2061D8E300035358 /* AppDelegate.h */,
				073C0E3B2061D8E300035358 /* AppDelegate.m */,
				073C0E402061D8E400035358 /* Assets.xcassets */,
				073C0E422061D8E400035358 /* Main.storyboard */,
				073C0E482061D8E400035358 /* Huffman.entitlements */,
			);
			name = support;
			sourceTree = "<group>";
		};
		07B35D2220620018006C4A81 /* DataStructure */ = {
			isa = PBXGroup;
			children = (
				07B35D4820622BDF006C4A81 /* Huffman */,
				07B35D38206206F8006C4A81 /* Linked */,
				07B35D37206206F2006C4A81 /* Node */,
				07B35D36206206E9006C4A81 /* Line */,
			);
			path = DataStructure;
			sourceTree = "<group>";
		};
		07B35D36206206E9006C4A81 /* Line */ = {
			isa = PBXGroup;
			children = (
				07B35D262062016C006C4A81 /* Line.h */,
				07B35D2E2062016C006C4A81 /* Line.m */,
			);
			name = Line;
			sourceTree = "<group>";
		};
		07B35D37206206F2006C4A81 /* Node */ = {
			isa = PBXGroup;
			children = (
				07B35D4420622B68006C4A81 /* Node.hpp */,
				07B35D2A2062016C006C4A81 /* OCNode.h */,
				07B35D282062016C006C4A81 /* OCNode.m */,
			);
			name = Node;
			sourceTree = "<group>";
		};
		07B35D38206206F8006C4A81 /* Linked */ = {
			isa = PBXGroup;
			children = (
				07B35D2B2062016C006C4A81 /* LinkedSet.h */,
				07B35D292062016C006C4A81 /* LinkedSet.m */,
				07B35D4620622BC5006C4A81 /* LinkedQueue.hpp */,
				07B35D4520622BC5006C4A81 /* LinkedStack.hpp */,
			);
			name = Linked;
			sourceTree = "<group>";
		};
		07B35D4820622BDF006C4A81 /* Huffman */ = {
			isa = PBXGroup;
			children = (
				07B35D4B20622EEA006C4A81 /* HuffmanTree.hpp */,
				07B35D4920622D02006C4A81 /* BinaryTree.mm */,
				07B35D4720622BC5006C4A81 /* MinHeap.hpp */,
			);
			name = Huffman;
			sourceTree = "<group>";
		};
/* End PBXGroup section */

/* Begin PBXNativeTarget section */
		073C0E362061D8E300035358 /* Huffman */ = {
			isa = PBXNativeTarget;
			buildConfigurationList = 073C0E612061D8E400035358 /* Build configuration list for PBXNativeTarget "Huffman" */;
			buildPhases = (
				073C0E332061D8E300035358 /* Sources */,
				073C0E342061D8E300035358 /* Frameworks */,
				073C0E352061D8E300035358 /* Resources */,
			);
			buildRules = (
			);
			dependencies = (
			);
			name = Huffman;
			productName = Huffman;
			productReference = 073C0E372061D8E300035358 /* Huffman.app */;
			productType = "com.apple.product-type.application";
		};
		073C0E4C2061D8E400035358 /* HuffmanTests */ = {
			isa = PBXNativeTarget;
			buildConfigurationList = 073C0E642061D8E400035358 /* Build configuration list for PBXNativeTarget "HuffmanTests" */;
			buildPhases = (
				073C0E492061D8E400035358 /* Sources */,
				073C0E4A2061D8E400035358 /* Frameworks */,
				073C0E4B2061D8E400035358 /* Resources */,
			);
			buildRules = (
			);
			dependencies = (
				073C0E4F2061D8E400035358 /* PBXTargetDependency */,
			);
			name = HuffmanTests;
			productName = HuffmanTests;
			productReference = 073C0E4D2061D8E400035358 /* HuffmanTests.xctest */;
			productType = "com.apple.product-type.bundle.unit-test";
		};
		073C0E572061D8E400035358 /* HuffmanUITests */ = {
			isa = PBXNativeTarget;
			buildConfigurationList = 073C0E672061D8E400035358 /* Build configuration list for PBXNativeTarget "HuffmanUITests" */;
			buildPhases = (
				073C0E542061D8E400035358 /* Sources */,
				073C0E552061D8E400035358 /* Frameworks */,
				073C0E562061D8E400035358 /* Resources */,
			);
			buildRules = (
			);
			dependencies = (
				073C0E5A2061D8E400035358 /* PBXTargetDependency */,
			);
			name = HuffmanUITests;
			productName = HuffmanUITests;
			productReference = 073C0E582061D8E400035358 /* HuffmanUITests.xctest */;
			productType = "com.apple.product-type.bundle.ui-testing";
		};
/* End PBXNativeTarget section */

/* Begin PBXProject section */
		073C0E2F2061D8E300035358 /* Project object */ = {
			isa = PBXProject;
			attributes = {
				LastUpgradeCheck = 0930;
				ORGANIZATIONNAME = Eric;
				TargetAttributes = {
					073C0E362061D8E300035358 = {
						CreatedOnToolsVersion = 9.3;
					};
					073C0E4C2061D8E400035358 = {
						CreatedOnToolsVersion = 9.3;
						TestTargetID = 073C0E362061D8E300035358;
					};
					073C0E572061D8E400035358 = {
						CreatedOnToolsVersion = 9.3;
						TestTargetID = 073C0E362061D8E300035358;
					};
				};
			};
			buildConfigurationList = 073C0E322061D8E300035358 /* Build configuration list for PBXProject "Huffman" */;
			compatibilityVersion = "Xcode 9.3";
			developmentRegion = en;
			hasScannedForEncodings = 0;
			knownRegions = (
				en,
				Base,
			);
			mainGroup = 073C0E2E2061D8E300035358;
			productRefGroup = 073C0E382061D8E300035358 /* Products */;
			projectDirPath = "";
			projectRoot = "";
			targets = (
				073C0E362061D8E300035358 /* Huffman */,
				073C0E4C2061D8E400035358 /* HuffmanTests */,
				073C0E572061D8E400035358 /* HuffmanUITests */,
			);
		};
/* End PBXProject section */

/* Begin PBXResourcesBuildPhase section */
		073C0E352061D8E300035358 /* Resources */ = {
			isa = PBXResourcesBuildPhase;
			buildActionMask = 2147483647;
			files = (
				073C0E412061D8E400035358 /* Assets.xcassets in Resources */,
				073C0E442061D8E400035358 /* Main.storyboard in Resources */,
			);
			runOnlyForDeploymentPostprocessing = 0;
		};
		073C0E4B2061D8E400035358 /* Resources */ = {
			isa = PBXResourcesBuildPhase;
			buildActionMask = 2147483647;
			files = (
			);
			runOnlyForDeploymentPostprocessing = 0;
		};
		073C0E562061D8E400035358 /* Resources */ = {
			isa = PBXResourcesBuildPhase;
			buildActionMask = 2147483647;
			files = (
			);
			runOnlyForDeploymentPostprocessing = 0;
		};
/* End PBXResourcesBuildPhase section */

/* Begin PBXSourcesBuildPhase section */
		073C0E332061D8E300035358 /* Sources */ = {
			isa = PBXSourcesBuildPhase;
			buildActionMask = 2147483647;
			files = (
				07B35D3520620211006C4A81 /* Config.m in Sources */,
				073C0E3F2061D8E300035358 /* ViewController.mm in Sources */,
				07B35D4A20622D02006C4A81 /* BinaryTree.mm in Sources */,
				07B35D322062016C006C4A81 /* Line.m in Sources */,
				073C0E472061D8E400035358 /* main.m in Sources */,
				073C0E3C2061D8E300035358 /* AppDelegate.m in Sources */,
				07B35D302062016C006C4A81 /* OCNode.m in Sources */,
				07B35D312062016C006C4A81 /* LinkedSet.m in Sources */,
			);
			runOnlyForDeploymentPostprocessing = 0;
		};
		073C0E492061D8E400035358 /* Sources */ = {
			isa = PBXSourcesBuildPhase;
			buildActionMask = 2147483647;
			files = (
				073C0E522061D8E400035358 /* HuffmanTests.m in Sources */,
			);
			runOnlyForDeploymentPostprocessing = 0;
		};
		073C0E542061D8E400035358 /* Sources */ = {
			isa = PBXSourcesBuildPhase;
			buildActionMask = 2147483647;
			files = (
				073C0E5D2061D8E400035358 /* HuffmanUITests.m in Sources */,
			);
			runOnlyForDeploymentPostprocessing = 0;
		};
/* End PBXSourcesBuildPhase section */

/* Begin PBXTargetDependency section */
		073C0E4F2061D8E400035358 /* PBXTargetDependency */ = {
			isa = PBXTargetDependency;
			target = 073C0E362061D8E300035358 /* Huffman */;
			targetProxy = 073C0E4E2061D8E400035358 /* PBXContainerItemProxy */;
		};
		073C0E5A2061D8E400035358 /* PBXTargetDependency */ = {
			isa = PBXTargetDependency;
			target = 073C0E362061D8E300035358 /* Huffman */;
			targetProxy = 073C0E592061D8E400035358 /* PBXContainerItemProxy */;
		};
/* End PBXTargetDependency section */

/* Begin PBXVariantGroup section */
		073C0E422061D8E400035358 /* Main.storyboard */ = {
			isa = PBXVariantGroup;
			children = (
				073C0E432061D8E400035358 /* Base */,
			);
			name = Main.storyboard;
			sourceTree = "<group>";
		};
/* End PBXVariantGroup section */

/* Begin XCBuildConfiguration section */
		073C0E5F2061D8E400035358 /* Debug */ = {
			isa = XCBuildConfiguration;
			buildSettings = {
				ALWAYS_SEARCH_USER_PATHS = NO;
				CLANG_ANALYZER_NONNULL = YES;
				CLANG_ANALYZER_NUMBER_OBJECT_CONVERSION = YES_AGGRESSIVE;
				CLANG_CXX_LANGUAGE_STANDARD = "gnu++14";
				CLANG_CXX_LIBRARY = "libc++";
				CLANG_ENABLE_MODULES = YES;
				CLANG_ENABLE_OBJC_ARC = YES;
				CLANG_ENABLE_OBJC_WEAK = YES;
				CLANG_WARN_BLOCK_CAPTURE_AUTORELEASING = YES;
				CLANG_WARN_BOOL_CONVERSION = YES;
				CLANG_WARN_COMMA = YES;
				CLANG_WARN_CONSTANT_CONVERSION = YES;
				CLANG_WARN_DEPRECATED_OBJC_IMPLEMENTATIONS = YES;
				CLANG_WARN_DIRECT_OBJC_ISA_USAGE = YES_ERROR;
				CLANG_WARN_DOCUMENTATION_COMMENTS = YES;
				CLANG_WARN_EMPTY_BODY = YES;
				CLANG_WARN_ENUM_CONVERSION = YES;
				CLANG_WARN_INFINITE_RECURSION = YES;
				CLANG_WARN_INT_CONVERSION = YES;
				CLANG_WARN_NON_LITERAL_NULL_CONVERSION = YES;
				CLANG_WARN_OBJC_IMPLICIT_RETAIN_SELF = YES;
				CLANG_WARN_OBJC_LITERAL_CONVERSION = YES;
				CLANG_WARN_OBJC_ROOT_CLASS = YES_ERROR;
				CLANG_WARN_RANGE_LOOP_ANALYSIS = YES;
				CLANG_WARN_STRICT_PROTOTYPES = YES;
				CLANG_WARN_SUSPICIOUS_MOVE = YES;
				CLANG_WARN_UNGUARDED_AVAILABILITY = YES_AGGRESSIVE;
				CLANG_WARN_UNREACHABLE_CODE = YES;
				CLANG_WARN__DUPLICATE_METHOD_MATCH = YES;
				CODE_SIGN_IDENTITY = "-";
				COPY_PHASE_STRIP = NO;
				DEBUG_INFORMATION_FORMAT = dwarf;
				ENABLE_STRICT_OBJC_MSGSEND = YES;
				ENABLE_TESTABILITY = YES;
				GCC_C_LANGUAGE_STANDARD = gnu11;
				GCC_DYNAMIC_NO_PIC = NO;
				GCC_NO_COMMON_BLOCKS = YES;
				GCC_OPTIMIZATION_LEVEL = 0;
				GCC_PREPROCESSOR_DEFINITIONS = (
					"DEBUG=1",
					"$(inherited)",
				);
				GCC_WARN_64_TO_32_BIT_CONVERSION = YES;
				GCC_WARN_ABOUT_RETURN_TYPE = YES_ERROR;
				GCC_WARN_UNDECLARED_SELECTOR = YES;
				GCC_WARN_UNINITIALIZED_AUTOS = YES_AGGRESSIVE;
				GCC_WARN_UNUSED_FUNCTION = YES;
				GCC_WARN_UNUSED_VARIABLE = YES;
				MACOSX_DEPLOYMENT_TARGET = 10.13;
				MTL_ENABLE_DEBUG_INFO = YES;
				ONLY_ACTIVE_ARCH = YES;
				SDKROOT = macosx;
			};
			name = Debug;
		};
		073C0E602061D8E400035358 /* Release */ = {
			isa = XCBuildConfiguration;
			buildSettings = {
				ALWAYS_SEARCH_USER_PATHS = NO;
				CLANG_ANALYZER_NONNULL = YES;
				CLANG_ANALYZER_NUMBER_OBJECT_CONVERSION = YES_AGGRESSIVE;
				CLANG_CXX_LANGUAGE_STANDARD = "gnu++14";
				CLANG_CXX_LIBRARY = "libc++";
				CLANG_ENABLE_MODULES = YES;
				CLANG_ENABLE_OBJC_ARC = YES;
				CLANG_ENABLE_OBJC_WEAK = YES;
				CLANG_WARN_BLOCK_CAPTURE_AUTORELEASING = YES;
				CLANG_WARN_BOOL_CONVERSION = YES;
				CLANG_WARN_COMMA = YES;
				CLANG_WARN_CONSTANT_CONVERSION = YES;
				CLANG_WARN_DEPRECATED_OBJC_IMPLEMENTATIONS = YES;
				CLANG_WARN_DIRECT_OBJC_ISA_USAGE = YES_ERROR;
				CLANG_WARN_DOCUMENTATION_COMMENTS = YES;
				CLANG_WARN_EMPTY_BODY = YES;
				CLANG_WARN_ENUM_CONVERSION = YES;
				CLANG_WARN_INFINITE_RECURSION = YES;
				CLANG_WARN_INT_CONVERSION = YES;
				CLANG_WARN_NON_LITERAL_NULL_CONVERSION = YES;
				CLANG_WARN_OBJC_IMPLICIT_RETAIN_SELF = YES;
				CLANG_WARN_OBJC_LITERAL_CONVERSION = YES;
				CLANG_WARN_OBJC_ROOT_CLASS = YES_ERROR;
				CLANG_WARN_RANGE_LOOP_ANALYSIS = YES;
				CLANG_WARN_STRICT_PROTOTYPES = YES;
				CLANG_WARN_SUSPICIOUS_MOVE = YES;
				CLANG_WARN_UNGUARDED_AVAILABILITY = YES_AGGRESSIVE;
				CLANG_WARN_UNREACHABLE_CODE = YES;
				CLANG_WARN__DUPLICATE_METHOD_MATCH = YES;
				CODE_SIGN_IDENTITY = "-";
				COPY_PHASE_STRIP = NO;
				DEBUG_INFORMATION_FORMAT = "dwarf-with-dsym";
				ENABLE_NS_ASSERTIONS = NO;
				ENABLE_STRICT_OBJC_MSGSEND = YES;
				GCC_C_LANGUAGE_STANDARD = gnu11;
				GCC_NO_COMMON_BLOCKS = YES;
				GCC_WARN_64_TO_32_BIT_CONVERSION = YES;
				GCC_WARN_ABOUT_RETURN_TYPE = YES_ERROR;
				GCC_WARN_UNDECLARED_SELECTOR = YES;
				GCC_WARN_UNINITIALIZED_AUTOS = YES_AGGRESSIVE;
				GCC_WARN_UNUSED_FUNCTION = YES;
				GCC_WARN_UNUSED_VARIABLE = YES;
				MACOSX_DEPLOYMENT_TARGET = 10.13;
				MTL_ENABLE_DEBUG_INFO = NO;
				SDKROOT = macosx;
			};
			name = Release;
		};
		073C0E622061D8E400035358 /* Debug */ = {
			isa = XCBuildConfiguration;
			buildSettings = {
				ASSETCATALOG_COMPILER_APPICON_NAME = AppIcon;
				CODE_SIGN_ENTITLEMENTS = Huffman/Huffman.entitlements;
				CODE_SIGN_STYLE = Automatic;
				COMBINE_HIDPI_IMAGES = YES;
				INFOPLIST_FILE = Huffman/Info.plist;
				LD_RUNPATH_SEARCH_PATHS = (
					"$(inherited)",
					"@executable_path/../Frameworks",
				);
				PRODUCT_BUNDLE_IDENTIFIER = com.INGStudio.Huffman;
				PRODUCT_NAME = "$(TARGET_NAME)";
			};
			name = Debug;
		};
		073C0E632061D8E400035358 /* Release */ = {
			isa = XCBuildConfiguration;
			buildSettings = {
				ASSETCATALOG_COMPILER_APPICON_NAME = AppIcon;
				CODE_SIGN_ENTITLEMENTS = Huffman/Huffman.entitlements;
				CODE_SIGN_STYLE = Automatic;
				COMBINE_HIDPI_IMAGES = YES;
				INFOPLIST_FILE = Huffman/Info.plist;
				LD_RUNPATH_SEARCH_PATHS = (
					"$(inherited)",
					"@executable_path/../Frameworks",
				);
				PRODUCT_BUNDLE_IDENTIFIER = com.INGStudio.Huffman;
				PRODUCT_NAME = "$(TARGET_NAME)";
			};
			name = Release;
		};
		073C0E652061D8E400035358 /* Debug */ = {
			isa = XCBuildConfiguration;
			buildSettings = {
				BUNDLE_LOADER = "$(TEST_HOST)";
				CODE_SIGN_STYLE = Automatic;
				COMBINE_HIDPI_IMAGES = YES;
				INFOPLIST_FILE = HuffmanTests/Info.plist;
				LD_RUNPATH_SEARCH_PATHS = (
					"$(inherited)",
					"@executable_path/../Frameworks",
					"@loader_path/../Frameworks",
				);
				PRODUCT_BUNDLE_IDENTIFIER = com.INGStudio.HuffmanTests;
				PRODUCT_NAME = "$(TARGET_NAME)";
				TEST_HOST = "$(BUILT_PRODUCTS_DIR)/Huffman.app/Contents/MacOS/Huffman";
			};
			name = Debug;
		};
		073C0E662061D8E400035358 /* Release */ = {
			isa = XCBuildConfiguration;
			buildSettings = {
				BUNDLE_LOADER = "$(TEST_HOST)";
				CODE_SIGN_STYLE = Automatic;
				COMBINE_HIDPI_IMAGES = YES;
				INFOPLIST_FILE = HuffmanTests/Info.plist;
				LD_RUNPATH_SEARCH_PATHS = (
					"$(inherited)",
					"@executable_path/../Frameworks",
					"@loader_path/../Frameworks",
				);
				PRODUCT_BUNDLE_IDENTIFIER = com.INGStudio.HuffmanTests;
				PRODUCT_NAME = "$(TARGET_NAME)";
				TEST_HOST = "$(BUILT_PRODUCTS_DIR)/Huffman.app/Contents/MacOS/Huffman";
			};
			name = Release;
		};
		073C0E682061D8E400035358 /* Debug */ = {
			isa = XCBuildConfiguration;
			buildSettings = {
				CODE_SIGN_STYLE = Automatic;
				COMBINE_HIDPI_IMAGES = YES;
				INFOPLIST_FILE = HuffmanUITests/Info.plist;
				LD_RUNPATH_SEARCH_PATHS = (
					"$(inherited)",
					"@executable_path/../Frameworks",
					"@loader_path/../Frameworks",
				);
				PRODUCT_BUNDLE_IDENTIFIER = com.INGStudio.HuffmanUITests;
				PRODUCT_NAME = "$(TARGET_NAME)";
				TEST_TARGET_NAME = Huffman;
			};
			name = Debug;
		};
		073C0E692061D8E400035358 /* Release */ = {
			isa = XCBuildConfiguration;
			buildSettings = {
				CODE_SIGN_STYLE = Automatic;
				COMBINE_HIDPI_IMAGES = YES;
				INFOPLIST_FILE = HuffmanUITests/Info.plist;
				LD_RUNPATH_SEARCH_PATHS = (
					"$(inherited)",
					"@executable_path/../Frameworks",
					"@loader_path/../Frameworks",
				);
				PRODUCT_BUNDLE_IDENTIFIER = com.INGStudio.HuffmanUITests;
				PRODUCT_NAME = "$(TARGET_NAME)";
				TEST_TARGET_NAME = Huffman;
			};
			name = Release;
		};
/* End XCBuildConfiguration section */

/* Begin XCConfigurationList section */
		073C0E322061D8E300035358 /* Build configuration list for PBXProject "Huffman" */ = {
			isa = XCConfigurationList;
			buildConfigurations = (
				073C0E5F2061D8E400035358 /* Debug */,
				073C0E602061D8E400035358 /* Release */,
			);
			defaultConfigurationIsVisible = 0;
			defaultConfigurationName = Release;
		};
		073C0E612061D8E400035358 /* Build configuration list for PBXNativeTarget "Huffman" */ = {
			isa = XCConfigurationList;
			buildConfigurations = (
				073C0E622061D8E400035358 /* Debug */,
				073C0E632061D8E400035358 /* Release */,
			);
			defaultConfigurationIsVisible = 0;
			defaultConfigurationName = Release;
		};
		073C0E642061D8E400035358 /* Build configuration list for PBXNativeTarget "HuffmanTests" */ = {
			isa = XCConfigurationList;
			buildConfigurations = (
				073C0E652061D8E400035358 /* Debug */,
				073C0E662061D8E400035358 /* Release */,
			);
			defaultConfigurationIsVisible = 0;
			defaultConfigurationName = Release;
		};
		073C0E672061D8E400035358 /* Build configuration list for PBXNativeTarget "HuffmanUITests" */ = {
			isa = XCConfigurationList;
			buildConfigurations = (
				073C0E682061D8E400035358 /* Debug */,
				073C0E692061D8E400035358 /* Release */,
			);
			defaultConfigurationIsVisible = 0;
			defaultConfigurationName = Release;
		};
/* End XCConfigurationList section */
	};
	rootObject = 073C0E2F2061D8E300035358 /* Project object */;
}
